{
  "name": "demo-dataform",
  "lockfileVersion": 3,
  "requires": true,
  "packages": {
    "": {
      "name": "demo-dataform",
      "dependencies": {
        "@dataform/core": "3.0.9",
        "dataform-assertions": "https://github.com/devoteamgcloud/dataform-assertions/archive/refs/tags/v2.0.2.tar.gz"
      }
    },
    "node_modules/@dataform/core": {
      "version": "3.0.9",
      "resolved": "https://registry.npmjs.org/@dataform/core/-/core-3.0.9.tgz",
      "integrity": "sha512-AEm6HoD/3cKy3JkdyHS9tJ0H9wAHGmnoTvpJ8rBX7+teVwWpKS65f91eOV5uZpbWTLbac3lK6c5VNg0bBM9jPQ==",
      "license": "Apache-2.0" },
    "node_modules/dataform-assertions": {
      "name": "@devoteamgcloud/dataform-assertions",
      "version": "2.0.2",
      "resolved": "https://github.com/devoteamgcloud/dataform-assertions/archive/refs/tags/v2.0.2.tar.gz",
      "integrity": "sha512-/N92vroNrKZ0E3t8WrOGOck2hIM1YsPR/jsRoJwOrsR8BSwZQsNldsN6BD9Zrt8ohrgeQWj2rMKPiZfwzWH3wQ==",
      "dependencies": {
        "@dataform/core": "^3.0.0"
      }
    }
  }
}
